
Microsoft Visual Studio Solution File, Format Version 12.00
# Visual Studio Version 17
VisualStudioVersion = 17.2.32630.192
MinimumVisualStudioVersion = 10.0.40219.1
Project("{9A19103F-16F7-4668-BE54-9A1E7A4F7556}") = "Clean.API", "Clean.API\Clean.API.csproj", "{AFBE93CE-503E-467C-8908-72B1FB178BD1}"
EndProject
Project("{9A19103F-16F7-4668-BE54-9A1E7A4F7556}") = "Clean.Application", "Clean.Application\Clean.Application.csproj", "{741C2B33-10F1-492E-B0BC-6BA79889537F}"
EndProject
Project("{9A19103F-16F7-4668-BE54-9A1E7A4F7556}") = "Clean.Domain", "Clean.Domain\Clean.Domain.csproj", "{27077478-E2C2-4122-B9DD-22CD5E98A93F}"
EndProject
Project("{9A19103F-16F7-4668-BE54-9A1E7A4F7556}") = "Clean.Infrastructure", "Clean.Infrastructure\Clean.Infrastructure.csproj", "{C0FE91F5-7D4B-44CC-95B4-6AB7A6062CAE}"
EndProject
Project("{9A19103F-16F7-4668-BE54-9A1E7A4F7556}") = "Clean.Contracts", "Clean.Contracts\Clean.Contracts.csproj", "{5BEDE75D-E963-4711-943B-B3399325C694}"
EndProject
Project("{2150E333-8FDC-42A3-9474-1A3956D46DE8}") = "Solution Items", "Solution Items", "{9C4242F1-D7DA-4937-B495-B9A80FA430A9}"
	ProjectSection(SolutionItems) = preProject
		.editorconfig = .editorconfig
		.gitignore = .gitignore
		README.md = README.md
	EndProjectSection
EndProject
Project("{FAE04EC0-301F-11D3-BF4B-00C04F79EFBC}") = "Clean.Application.Abstractions", "Clean.Application.Abstractions\Clean.Application.Abstractions.csproj", "{DFE0C8FB-8047-4C73-8766-516A6F94CE19}"
EndProject
Global
	GlobalSection(SolutionConfigurationPlatforms) = preSolution
		Debug|Any CPU = Debug|Any CPU
		Release|Any CPU = Release|Any CPU
	EndGlobalSection
	GlobalSection(ProjectConfigurationPlatforms) = postSolution
		{AFBE93CE-503E-467C-8908-72B1FB178BD1}.Debug|Any CPU.ActiveCfg = Debug|Any CPU
		{AFBE93CE-503E-467C-8908-72B1FB178BD1}.Debug|Any CPU.Build.0 = Debug|Any CPU
		{AFBE93CE-503E-467C-8908-72B1FB178BD1}.Release|Any CPU.ActiveCfg = Release|Any CPU
		{AFBE93CE-503E-467C-8908-72B1FB178BD1}.Release|Any CPU.Build.0 = Release|Any CPU
		{741C2B33-10F1-492E-B0BC-6BA79889537F}.Debug|Any CPU.ActiveCfg = Debug|Any CPU
		{741C2B33-10F1-492E-B0BC-6BA79889537F}.Debug|Any CPU.Build.0 = Debug|Any CPU
		{741C2B33-10F1-492E-B0BC-6BA79889537F}.Release|Any CPU.ActiveCfg = Release|Any CPU
		{741C2B33-10F1-492E-B0BC-6BA79889537F}.Release|Any CPU.Build.0 = Release|Any CPU
		{27077478-E2C2-4122-B9DD-22CD5E98A93F}.Debug|Any CPU.ActiveCfg = Debug|Any CPU
		{27077478-E2C2-4122-B9DD-22CD5E98A93F}.Debug|Any CPU.Build.0 = Debug|Any CPU
		{27077478-E2C2-4122-B9DD-22CD5E98A93F}.Release|Any CPU.ActiveCfg = Release|Any CPU
		{27077478-E2C2-4122-B9DD-22CD5E98A93F}.Release|Any CPU.Build.0 = Release|Any CPU
		{C0FE91F5-7D4B-44CC-95B4-6AB7A6062CAE}.Debug|Any CPU.ActiveCfg = Debug|Any CPU
		{C0FE91F5-7D4B-44CC-95B4-6AB7A6062CAE}.Debug|Any CPU.Build.0 = Debug|Any CPU
		{C0FE91F5-7D4B-44CC-95B4-6AB7A6062CAE}.Release|Any CPU.ActiveCfg = Release|Any CPU
		{C0FE91F5-7D4B-44CC-95B4-6AB7A6062CAE}.Release|Any CPU.Build.0 = Release|Any CPU
		{5BEDE75D-E963-4711-943B-B3399325C694}.Debug|Any CPU.ActiveCfg = Debug|Any CPU
		{5BEDE75D-E963-4711-943B-B3399325C694}.Debug|Any CPU.Build.0 = Debug|Any CPU
		{5BEDE75D-E963-4711-943B-B3399325C694}.Release|Any CPU.ActiveCfg = Release|Any CPU
		{5BEDE75D-E963-4711-943B-B3399325C694}.Release|Any CPU.Build.0 = Release|Any CPU
		{DFE0C8FB-8047-4C73-8766-516A6F94CE19}.Debug|Any CPU.ActiveCfg = Debug|Any CPU
		{DFE0C8FB-8047-4C73-8766-516A6F94CE19}.Debug|Any CPU.Build.0 = Debug|Any CPU
		{DFE0C8FB-8047-4C73-8766-516A6F94CE19}.Release|Any CPU.ActiveCfg = Release|Any CPU
		{DFE0C8FB-8047-4C73-8766-516A6F94CE19}.Release|Any CPU.Build.0 = Release|Any CPU
	EndGlobalSection
	GlobalSection(SolutionProperties) = preSolution
		HideSolutionNode = FALSE
	EndGlobalSection
	GlobalSection(ExtensibilityGlobals) = postSolution
		SolutionGuid = {E3AB1580-B64C-43E2-A285-FA8409F36B03}
	EndGlobalSection
EndGlobal
