
Microsoft Visual Studio Solution File, Format Version 12.00
# Visual Studio Version 17
VisualStudioVersion = 17.2.32630.192
MinimumVisualStudioVersion = 10.0.40219.1
Project("{2150E333-8FDC-42A3-9474-1A3956D46DE8}") = "Solution Items", "Solution Items", "{9C4242F1-D7DA-4937-B495-B9A80FA430A9}"
	ProjectSection(SolutionItems) = preProject
		.editorconfig = .editorconfig
		.gitignore = .gitignore
		README.md = README.md
	EndProjectSection
EndProject
Project("{2150E333-8FDC-42A3-9474-1A3956D46DE8}") = "Modules", "Modules", "{6BBBB63F-95D0-42E8-898E-E2F43870602F}"
EndProject
Project("{2150E333-8FDC-42A3-9474-1A3956D46DE8}") = "CRM", "CRM", "{73319B0A-55BB-4954-8235-F90E454D6E55}"
EndProject
Project("{2150E333-8FDC-42A3-9474-1A3956D46DE8}") = "UserAccess", "UserAccess", "{D203F174-DF9C-4DDC-9E3F-138FC9114657}"
EndProject
Project("{2150E333-8FDC-42A3-9474-1A3956D46DE8}") = "Shared", "Shared", "{E23CCA08-9511-4920-AE8C-F726011D71C2}"
EndProject
Project("{9A19103F-16F7-4668-BE54-9A1E7A4F7556}") = "Clean.Modules.UserAccess.Application", "src\Modules\UserAccess\Application\Clean.Modules.UserAccess.Application.csproj", "{FE8CD6CA-0EC1-49DB-95D7-00DC90297458}"
EndProject
Project("{9A19103F-16F7-4668-BE54-9A1E7A4F7556}") = "Clean.Modules.UserAccess.Domain", "src\Modules\UserAccess\Domain\Clean.Modules.UserAccess.Domain.csproj", "{AA16E205-150A-4300-89B7-BB15B93859EE}"
EndProject
Project("{9A19103F-16F7-4668-BE54-9A1E7A4F7556}") = "Clean.Modules.UserAccess.DTO", "src\Modules\UserAccess\DTO\Clean.Modules.UserAccess.DTO.csproj", "{F339E503-42BA-40C7-8460-69D387B39EE6}"
EndProject
Project("{9A19103F-16F7-4668-BE54-9A1E7A4F7556}") = "Clean.Modules.UserAccess.Infrastructure", "src\Modules\UserAccess\Infrastructure\Clean.Modules.UserAccess.Infrastructure.csproj", "{BC6F1FE3-7651-400B-AEB0-E182B16DEDB3}"
EndProject
Project("{9A19103F-16F7-4668-BE54-9A1E7A4F7556}") = "Clean.Modules.Shared.Application", "src\Modules\Shared\Application\Clean.Modules.Shared.Application.csproj", "{35C71218-1D09-4AA8-AF95-480159E4070F}"
EndProject
Project("{9A19103F-16F7-4668-BE54-9A1E7A4F7556}") = "Clean.Modules.Shared.Common", "src\Modules\Shared\Common\Clean.Modules.Shared.Common.csproj", "{31D1AB14-ED6A-4344-9070-124A5DF1FD50}"
EndProject
Project("{9A19103F-16F7-4668-BE54-9A1E7A4F7556}") = "Clean.Modules.Shared.Domain", "src\Modules\Shared\Domain\Clean.Modules.Shared.Domain.csproj", "{63504BBD-F620-4A2A-A99C-B4C36F4AC868}"
EndProject
Project("{9A19103F-16F7-4668-BE54-9A1E7A4F7556}") = "Clean.Modules.Shared.Infrastructure", "src\Modules\Shared\Infrastructure\Clean.Modules.Shared.Infrastructure.csproj", "{C883F8AE-54C5-4E20-8773-943E7A834A51}"
EndProject
Project("{2150E333-8FDC-42A3-9474-1A3956D46DE8}") = "Web", "Web", "{98AE6C0D-FCD8-4934-AC44-022AB1198684}"
EndProject
Project("{9A19103F-16F7-4668-BE54-9A1E7A4F7556}") = "Clean.Web.API", "src\Web\API\Clean.Web.API.csproj", "{9214264F-8FE8-4780-9FCE-2CA1F13BD4D3}"
EndProject
Project("{9A19103F-16F7-4668-BE54-9A1E7A4F7556}") = "Clean.Web.DTO", "src\Web\DTO\Clean.Web.DTO.csproj", "{9C5B43F2-7876-4E8B-8BB7-E4000A55E6B6}"
EndProject
Project("{2150E333-8FDC-42A3-9474-1A3956D46DE8}") = "src", "src", "{AC9DCE64-BE35-4A2C-91DA-8B37B283D2E4}"
EndProject
Project("{2150E333-8FDC-42A3-9474-1A3956D46DE8}") = "test", "test", "{F4D5105B-8161-4D4D-BCA2-21B0E43C0D5B}"
EndProject
Project("{2150E333-8FDC-42A3-9474-1A3956D46DE8}") = "Modules", "Modules", "{315F69F8-4801-4EA6-8732-D9AAC0634CDA}"
EndProject
Project("{2150E333-8FDC-42A3-9474-1A3956D46DE8}") = "Shared", "Shared", "{FB128849-235B-469E-9EE3-BCC80BA7A957}"
EndProject
Project("{9A19103F-16F7-4668-BE54-9A1E7A4F7556}") = "Clean.Modules.Shared.ArchTests", "test\Modules\Shared\ArchTests\Clean.Modules.Shared.ArchTests.csproj", "{4D47DA84-FF42-4754-A76F-CF1AD4165C71}"
EndProject
Project("{2150E333-8FDC-42A3-9474-1A3956D46DE8}") = "UserAccess", "UserAccess", "{8D5489EE-905B-416D-BA0F-3ACDCA0D1162}"
EndProject
Project("{9A19103F-16F7-4668-BE54-9A1E7A4F7556}") = "Clean.Modules.UserAccess.ArchTests", "test\Modules\UserAccess\ArchTests\Clean.Modules.UserAccess.ArchTests.csproj", "{8783E349-6A2C-4D30-895B-060F6188B2BF}"
EndProject
Global
	GlobalSection(SolutionConfigurationPlatforms) = preSolution
		Debug|Any CPU = Debug|Any CPU
		Release|Any CPU = Release|Any CPU
	EndGlobalSection
	GlobalSection(ProjectConfigurationPlatforms) = postSolution
		{FE8CD6CA-0EC1-49DB-95D7-00DC90297458}.Debug|Any CPU.ActiveCfg = Debug|Any CPU
		{FE8CD6CA-0EC1-49DB-95D7-00DC90297458}.Debug|Any CPU.Build.0 = Debug|Any CPU
		{FE8CD6CA-0EC1-49DB-95D7-00DC90297458}.Release|Any CPU.ActiveCfg = Release|Any CPU
		{FE8CD6CA-0EC1-49DB-95D7-00DC90297458}.Release|Any CPU.Build.0 = Release|Any CPU
		{AA16E205-150A-4300-89B7-BB15B93859EE}.Debug|Any CPU.ActiveCfg = Debug|Any CPU
		{AA16E205-150A-4300-89B7-BB15B93859EE}.Debug|Any CPU.Build.0 = Debug|Any CPU
		{AA16E205-150A-4300-89B7-BB15B93859EE}.Release|Any CPU.ActiveCfg = Release|Any CPU
		{AA16E205-150A-4300-89B7-BB15B93859EE}.Release|Any CPU.Build.0 = Release|Any CPU
		{F339E503-42BA-40C7-8460-69D387B39EE6}.Debug|Any CPU.ActiveCfg = Debug|Any CPU
		{F339E503-42BA-40C7-8460-69D387B39EE6}.Debug|Any CPU.Build.0 = Debug|Any CPU
		{F339E503-42BA-40C7-8460-69D387B39EE6}.Release|Any CPU.ActiveCfg = Release|Any CPU
		{F339E503-42BA-40C7-8460-69D387B39EE6}.Release|Any CPU.Build.0 = Release|Any CPU
		{BC6F1FE3-7651-400B-AEB0-E182B16DEDB3}.Debug|Any CPU.ActiveCfg = Debug|Any CPU
		{BC6F1FE3-7651-400B-AEB0-E182B16DEDB3}.Debug|Any CPU.Build.0 = Debug|Any CPU
		{BC6F1FE3-7651-400B-AEB0-E182B16DEDB3}.Release|Any CPU.ActiveCfg = Release|Any CPU
		{BC6F1FE3-7651-400B-AEB0-E182B16DEDB3}.Release|Any CPU.Build.0 = Release|Any CPU
		{35C71218-1D09-4AA8-AF95-480159E4070F}.Debug|Any CPU.ActiveCfg = Debug|Any CPU
		{35C71218-1D09-4AA8-AF95-480159E4070F}.Debug|Any CPU.Build.0 = Debug|Any CPU
		{35C71218-1D09-4AA8-AF95-480159E4070F}.Release|Any CPU.ActiveCfg = Release|Any CPU
		{35C71218-1D09-4AA8-AF95-480159E4070F}.Release|Any CPU.Build.0 = Release|Any CPU
		{31D1AB14-ED6A-4344-9070-124A5DF1FD50}.Debug|Any CPU.ActiveCfg = Debug|Any CPU
		{31D1AB14-ED6A-4344-9070-124A5DF1FD50}.Debug|Any CPU.Build.0 = Debug|Any CPU
		{31D1AB14-ED6A-4344-9070-124A5DF1FD50}.Release|Any CPU.ActiveCfg = Release|Any CPU
		{31D1AB14-ED6A-4344-9070-124A5DF1FD50}.Release|Any CPU.Build.0 = Release|Any CPU
		{63504BBD-F620-4A2A-A99C-B4C36F4AC868}.Debug|Any CPU.ActiveCfg = Debug|Any CPU
		{63504BBD-F620-4A2A-A99C-B4C36F4AC868}.Debug|Any CPU.Build.0 = Debug|Any CPU
		{63504BBD-F620-4A2A-A99C-B4C36F4AC868}.Release|Any CPU.ActiveCfg = Release|Any CPU
		{63504BBD-F620-4A2A-A99C-B4C36F4AC868}.Release|Any CPU.Build.0 = Release|Any CPU
		{C883F8AE-54C5-4E20-8773-943E7A834A51}.Debug|Any CPU.ActiveCfg = Debug|Any CPU
		{C883F8AE-54C5-4E20-8773-943E7A834A51}.Debug|Any CPU.Build.0 = Debug|Any CPU
		{C883F8AE-54C5-4E20-8773-943E7A834A51}.Release|Any CPU.ActiveCfg = Release|Any CPU
		{C883F8AE-54C5-4E20-8773-943E7A834A51}.Release|Any CPU.Build.0 = Release|Any CPU
		{9214264F-8FE8-4780-9FCE-2CA1F13BD4D3}.Debug|Any CPU.ActiveCfg = Debug|Any CPU
		{9214264F-8FE8-4780-9FCE-2CA1F13BD4D3}.Debug|Any CPU.Build.0 = Debug|Any CPU
		{9214264F-8FE8-4780-9FCE-2CA1F13BD4D3}.Release|Any CPU.ActiveCfg = Release|Any CPU
		{9214264F-8FE8-4780-9FCE-2CA1F13BD4D3}.Release|Any CPU.Build.0 = Release|Any CPU
		{9C5B43F2-7876-4E8B-8BB7-E4000A55E6B6}.Debug|Any CPU.ActiveCfg = Debug|Any CPU
		{9C5B43F2-7876-4E8B-8BB7-E4000A55E6B6}.Debug|Any CPU.Build.0 = Debug|Any CPU
		{9C5B43F2-7876-4E8B-8BB7-E4000A55E6B6}.Release|Any CPU.ActiveCfg = Release|Any CPU
		{9C5B43F2-7876-4E8B-8BB7-E4000A55E6B6}.Release|Any CPU.Build.0 = Release|Any CPU
		{4D47DA84-FF42-4754-A76F-CF1AD4165C71}.Debug|Any CPU.ActiveCfg = Debug|Any CPU
		{4D47DA84-FF42-4754-A76F-CF1AD4165C71}.Debug|Any CPU.Build.0 = Debug|Any CPU
		{4D47DA84-FF42-4754-A76F-CF1AD4165C71}.Release|Any CPU.ActiveCfg = Release|Any CPU
		{4D47DA84-FF42-4754-A76F-CF1AD4165C71}.Release|Any CPU.Build.0 = Release|Any CPU
		{8783E349-6A2C-4D30-895B-060F6188B2BF}.Debug|Any CPU.ActiveCfg = Debug|Any CPU
		{8783E349-6A2C-4D30-895B-060F6188B2BF}.Debug|Any CPU.Build.0 = Debug|Any CPU
		{8783E349-6A2C-4D30-895B-060F6188B2BF}.Release|Any CPU.ActiveCfg = Release|Any CPU
		{8783E349-6A2C-4D30-895B-060F6188B2BF}.Release|Any CPU.Build.0 = Release|Any CPU
	EndGlobalSection
	GlobalSection(SolutionProperties) = preSolution
		HideSolutionNode = FALSE
	EndGlobalSection
	GlobalSection(NestedProjects) = preSolution
		{6BBBB63F-95D0-42E8-898E-E2F43870602F} = {AC9DCE64-BE35-4A2C-91DA-8B37B283D2E4}
		{73319B0A-55BB-4954-8235-F90E454D6E55} = {6BBBB63F-95D0-42E8-898E-E2F43870602F}
		{D203F174-DF9C-4DDC-9E3F-138FC9114657} = {6BBBB63F-95D0-42E8-898E-E2F43870602F}
		{E23CCA08-9511-4920-AE8C-F726011D71C2} = {6BBBB63F-95D0-42E8-898E-E2F43870602F}
		{FE8CD6CA-0EC1-49DB-95D7-00DC90297458} = {D203F174-DF9C-4DDC-9E3F-138FC9114657}
		{AA16E205-150A-4300-89B7-BB15B93859EE} = {D203F174-DF9C-4DDC-9E3F-138FC9114657}
		{F339E503-42BA-40C7-8460-69D387B39EE6} = {D203F174-DF9C-4DDC-9E3F-138FC9114657}
		{BC6F1FE3-7651-400B-AEB0-E182B16DEDB3} = {D203F174-DF9C-4DDC-9E3F-138FC9114657}
		{35C71218-1D09-4AA8-AF95-480159E4070F} = {E23CCA08-9511-4920-AE8C-F726011D71C2}
		{31D1AB14-ED6A-4344-9070-124A5DF1FD50} = {E23CCA08-9511-4920-AE8C-F726011D71C2}
		{63504BBD-F620-4A2A-A99C-B4C36F4AC868} = {E23CCA08-9511-4920-AE8C-F726011D71C2}
		{C883F8AE-54C5-4E20-8773-943E7A834A51} = {E23CCA08-9511-4920-AE8C-F726011D71C2}
		{98AE6C0D-FCD8-4934-AC44-022AB1198684} = {AC9DCE64-BE35-4A2C-91DA-8B37B283D2E4}
		{9214264F-8FE8-4780-9FCE-2CA1F13BD4D3} = {98AE6C0D-FCD8-4934-AC44-022AB1198684}
		{9C5B43F2-7876-4E8B-8BB7-E4000A55E6B6} = {98AE6C0D-FCD8-4934-AC44-022AB1198684}
		{315F69F8-4801-4EA6-8732-D9AAC0634CDA} = {F4D5105B-8161-4D4D-BCA2-21B0E43C0D5B}
		{FB128849-235B-469E-9EE3-BCC80BA7A957} = {315F69F8-4801-4EA6-8732-D9AAC0634CDA}
		{4D47DA84-FF42-4754-A76F-CF1AD4165C71} = {FB128849-235B-469E-9EE3-BCC80BA7A957}
		{8D5489EE-905B-416D-BA0F-3ACDCA0D1162} = {315F69F8-4801-4EA6-8732-D9AAC0634CDA}
		{8783E349-6A2C-4D30-895B-060F6188B2BF} = {8D5489EE-905B-416D-BA0F-3ACDCA0D1162}
	EndGlobalSection
	GlobalSection(ExtensibilityGlobals) = postSolution
		SolutionGuid = {E3AB1580-B64C-43E2-A285-FA8409F36B03}
	EndGlobalSection
EndGlobal
